// !$*UTF8*$!
{
	archiveVersion = 1;
	classes = {
	};
	objectVersion = 56;
	objects = {

/* Begin PBXBuildFile section */
		F1795CE12A5CBADA009DB028 /* StocksAppApp.swift in Sources */ = {isa = PBXBuildFile; fileRef = F1795CE02A5CBADA009DB028 /* StocksAppApp.swift */; };
		F1795CE32A5CBADA009DB028 /* ContentView.swift in Sources */ = {isa = PBXBuildFile; fileRef = F1795CE22A5CBADA009DB028 /* ContentView.swift */; };
		F1795CE52A5CBADB009DB028 /* Assets.xcassets in Resources */ = {isa = PBXBuildFile; fileRef = F1795CE42A5CBADB009DB028 /* Assets.xcassets */; };
		F1795CE92A5CBADB009DB028 /* Preview Assets.xcassets in Resources */ = {isa = PBXBuildFile; fileRef = F1795CE82A5CBADB009DB028 /* Preview Assets.xcassets */; };
		F1795CF32A5CBADC009DB028 /* StocksAppTests.swift in Sources */ = {isa = PBXBuildFile; fileRef = F1795CF22A5CBADC009DB028 /* StocksAppTests.swift */; };
		F1795CFD2A5CBADC009DB028 /* StocksAppUITests.swift in Sources */ = {isa = PBXBuildFile; fileRef = F1795CFC2A5CBADC009DB028 /* StocksAppUITests.swift */; };
		F1795CFF2A5CBADC009DB028 /* StocksAppUITestsLaunchTests.swift in Sources */ = {isa = PBXBuildFile; fileRef = F1795CFE2A5CBADC009DB028 /* StocksAppUITestsLaunchTests.swift */; };
		F1795D0E2A5CC820009DB028 /* StocksService.swift in Sources */ = {isa = PBXBuildFile; fileRef = F1795D0D2A5CC820009DB028 /* StocksService.swift */; };
		F1795D112A5CC8F8009DB028 /* StockResponse.swift in Sources */ = {isa = PBXBuildFile; fileRef = F1795D102A5CC8F8009DB028 /* StockResponse.swift */; };
		F1795D132A5D2DA9009DB028 /* StockViewModel.swift in Sources */ = {isa = PBXBuildFile; fileRef = F1795D122A5D2DA9009DB028 /* StockViewModel.swift */; };
		F19F4D2A2A5E05E300DC5BCC /* StockDataProcessor.swift in Sources */ = {isa = PBXBuildFile; fileRef = F19F4D292A5E05E300DC5BCC /* StockDataProcessor.swift */; };
		F19F4D2C2A5E119100DC5BCC /* StockCellView.swift in Sources */ = {isa = PBXBuildFile; fileRef = F19F4D2B2A5E119100DC5BCC /* StockCellView.swift */; };
		F19F4D2E2A5E1B6000DC5BCC /* StockListView.swift in Sources */ = {isa = PBXBuildFile; fileRef = F19F4D2D2A5E1B6000DC5BCC /* StockListView.swift */; };
		F19F4D302A5E3BFF00DC5BCC /* StockDetailView.swift in Sources */ = {isa = PBXBuildFile; fileRef = F19F4D2F2A5E3BFF00DC5BCC /* StockDetailView.swift */; };
		F19F4D322A5E420400DC5BCC /* ChartView.swift in Sources */ = {isa = PBXBuildFile; fileRef = F19F4D312A5E420400DC5BCC /* ChartView.swift */; };
		F19F4D342A5E655300DC5BCC /* KeyView.swift in Sources */ = {isa = PBXBuildFile; fileRef = F19F4D332A5E655300DC5BCC /* KeyView.swift */; };
		F19F4D392A5E79CC00DC5BCC /* ErrorView.swift in Sources */ = {isa = PBXBuildFile; fileRef = F19F4D382A5E79CC00DC5BCC /* ErrorView.swift */; };
/* End PBXBuildFile section */

/* Begin PBXContainerItemProxy section */
		F1795CEF2A5CBADC009DB028 /* PBXContainerItemProxy */ = {
			isa = PBXContainerItemProxy;
			containerPortal = F1795CD52A5CBADA009DB028 /* Project object */;
			proxyType = 1;
			remoteGlobalIDString = F1795CDC2A5CBADA009DB028;
			remoteInfo = StocksApp;
		};
		F1795CF92A5CBADC009DB028 /* PBXContainerItemProxy */ = {
			isa = PBXContainerItemProxy;
			containerPortal = F1795CD52A5CBADA009DB028 /* Project object */;
			proxyType = 1;
			remoteGlobalIDString = F1795CDC2A5CBADA009DB028;
			remoteInfo = StocksApp;
		};
/* End PBXContainerItemProxy section */

/* Begin PBXFileReference section */
		F1795CDD2A5CBADA009DB028 /* StocksApp.app */ = {isa = PBXFileReference; explicitFileType = wrapper.application; includeInIndex = 0; path = StocksApp.app; sourceTree = BUILT_PRODUCTS_DIR; };
		F1795CE02A5CBADA009DB028 /* StocksAppApp.swift */ = {isa = PBXFileReference; lastKnownFileType = sourcecode.swift; path = StocksAppApp.swift; sourceTree = "<group>"; };
		F1795CE22A5CBADA009DB028 /* ContentView.swift */ = {isa = PBXFileReference; lastKnownFileType = sourcecode.swift; path = ContentView.swift; sourceTree = "<group>"; };
		F1795CE42A5CBADB009DB028 /* Assets.xcassets */ = {isa = PBXFileReference; lastKnownFileType = folder.assetcatalog; path = Assets.xcassets; sourceTree = "<group>"; };
		F1795CE62A5CBADB009DB028 /* StocksApp.entitlements */ = {isa = PBXFileReference; lastKnownFileType = text.plist.entitlements; path = StocksApp.entitlements; sourceTree = "<group>"; };
		F1795CE82A5CBADB009DB028 /* Preview Assets.xcassets */ = {isa = PBXFileReference; lastKnownFileType = folder.assetcatalog; path = "Preview Assets.xcassets"; sourceTree = "<group>"; };
		F1795CEE2A5CBADC009DB028 /* StocksAppTests.xctest */ = {isa = PBXFileReference; explicitFileType = wrapper.cfbundle; includeInIndex = 0; path = StocksAppTests.xctest; sourceTree = BUILT_PRODUCTS_DIR; };
		F1795CF22A5CBADC009DB028 /* StocksAppTests.swift */ = {isa = PBXFileReference; lastKnownFileType = sourcecode.swift; path = StocksAppTests.swift; sourceTree = "<group>"; };
		F1795CF82A5CBADC009DB028 /* StocksAppUITests.xctest */ = {isa = PBXFileReference; explicitFileType = wrapper.cfbundle; includeInIndex = 0; path = StocksAppUITests.xctest; sourceTree = BUILT_PRODUCTS_DIR; };
		F1795CFC2A5CBADC009DB028 /* StocksAppUITests.swift */ = {isa = PBXFileReference; lastKnownFileType = sourcecode.swift; path = StocksAppUITests.swift; sourceTree = "<group>"; };
		F1795CFE2A5CBADC009DB028 /* StocksAppUITestsLaunchTests.swift */ = {isa = PBXFileReference; lastKnownFileType = sourcecode.swift; path = StocksAppUITestsLaunchTests.swift; sourceTree = "<group>"; };
		F1795D0D2A5CC820009DB028 /* StocksService.swift */ = {isa = PBXFileReference; lastKnownFileType = sourcecode.swift; path = StocksService.swift; sourceTree = "<group>"; };
		F1795D102A5CC8F8009DB028 /* StockResponse.swift */ = {isa = PBXFileReference; lastKnownFileType = sourcecode.swift; path = StockResponse.swift; sourceTree = "<group>"; };
		F1795D122A5D2DA9009DB028 /* StockViewModel.swift */ = {isa = PBXFileReference; lastKnownFileType = sourcecode.swift; path = StockViewModel.swift; sourceTree = "<group>"; };
		F19F4D292A5E05E300DC5BCC /* StockDataProcessor.swift */ = {isa = PBXFileReference; lastKnownFileType = sourcecode.swift; path = StockDataProcessor.swift; sourceTree = "<group>"; };
		F19F4D2B2A5E119100DC5BCC /* StockCellView.swift */ = {isa = PBXFileReference; lastKnownFileType = sourcecode.swift; path = StockCellView.swift; sourceTree = "<group>"; };
		F19F4D2D2A5E1B6000DC5BCC /* StockListView.swift */ = {isa = PBXFileReference; lastKnownFileType = sourcecode.swift; path = StockListView.swift; sourceTree = "<group>"; };
		F19F4D2F2A5E3BFF00DC5BCC /* StockDetailView.swift */ = {isa = PBXFileReference; lastKnownFileType = sourcecode.swift; path = StockDetailView.swift; sourceTree = "<group>"; };
		F19F4D312A5E420400DC5BCC /* ChartView.swift */ = {isa = PBXFileReference; lastKnownFileType = sourcecode.swift; path = ChartView.swift; sourceTree = "<group>"; };
		F19F4D332A5E655300DC5BCC /* KeyView.swift */ = {isa = PBXFileReference; lastKnownFileType = sourcecode.swift; path = KeyView.swift; sourceTree = "<group>"; };
		F19F4D382A5E79CC00DC5BCC /* ErrorView.swift */ = {isa = PBXFileReference; lastKnownFileType = sourcecode.swift; path = ErrorView.swift; sourceTree = "<group>"; };
/* End PBXFileReference section */

/* Begin PBXFrameworksBuildPhase section */
		F1795CDA2A5CBADA009DB028 /* Frameworks */ = {
			isa = PBXFrameworksBuildPhase;
			buildActionMask = 2147483647;
			files = (
			);
			runOnlyForDeploymentPostprocessing = 0;
		};
		F1795CEB2A5CBADC009DB028 /* Frameworks */ = {
			isa = PBXFrameworksBuildPhase;
			buildActionMask = 2147483647;
			files = (
			);
			runOnlyForDeploymentPostprocessing = 0;
		};
		F1795CF52A5CBADC009DB028 /* Frameworks */ = {
			isa = PBXFrameworksBuildPhase;
			buildActionMask = 2147483647;
			files = (
			);
			runOnlyForDeploymentPostprocessing = 0;
		};
/* End PBXFrameworksBuildPhase section */

/* Begin PBXGroup section */
		F1795CD42A5CBADA009DB028 = {
			isa = PBXGroup;
			children = (
				F1795CDF2A5CBADA009DB028 /* StocksApp */,
				F1795CF12A5CBADC009DB028 /* StocksAppTests */,
				F1795CFB2A5CBADC009DB028 /* StocksAppUITests */,
				F1795CDE2A5CBADA009DB028 /* Products */,
			);
			sourceTree = "<group>";
		};
		F1795CDE2A5CBADA009DB028 /* Products */ = {
			isa = PBXGroup;
			children = (
				F1795CDD2A5CBADA009DB028 /* StocksApp.app */,
				F1795CEE2A5CBADC009DB028 /* StocksAppTests.xctest */,
				F1795CF82A5CBADC009DB028 /* StocksAppUITests.xctest */,
			);
			name = Products;
			sourceTree = "<group>";
		};
		F1795CDF2A5CBADA009DB028 /* StocksApp */ = {
			isa = PBXGroup;
			children = (
				F1795D0F2A5CC8B6009DB028 /* Model */,
				F1795D0C2A5CC80F009DB028 /* Screens */,
				F1795D0B2A5CC809009DB028 /* Network */,
				F1795CE02A5CBADA009DB028 /* StocksAppApp.swift */,
				F1795CE22A5CBADA009DB028 /* ContentView.swift */,
				F1795CE42A5CBADB009DB028 /* Assets.xcassets */,
				F1795CE62A5CBADB009DB028 /* StocksApp.entitlements */,
				F1795CE72A5CBADB009DB028 /* Preview Content */,
			);
			path = StocksApp;
			sourceTree = "<group>";
		};
		F1795CE72A5CBADB009DB028 /* Preview Content */ = {
			isa = PBXGroup;
			children = (
				F1795CE82A5CBADB009DB028 /* Preview Assets.xcassets */,
			);
			path = "Preview Content";
			sourceTree = "<group>";
		};
		F1795CF12A5CBADC009DB028 /* StocksAppTests */ = {
			isa = PBXGroup;
			children = (
				F1795CF22A5CBADC009DB028 /* StocksAppTests.swift */,
			);
			path = StocksAppTests;
			sourceTree = "<group>";
		};
		F1795CFB2A5CBADC009DB028 /* StocksAppUITests */ = {
			isa = PBXGroup;
			children = (
				F1795CFC2A5CBADC009DB028 /* StocksAppUITests.swift */,
				F1795CFE2A5CBADC009DB028 /* StocksAppUITestsLaunchTests.swift */,
			);
			path = StocksAppUITests;
			sourceTree = "<group>";
		};
		F1795D0B2A5CC809009DB028 /* Network */ = {
			isa = PBXGroup;
			children = (
				F1795D0D2A5CC820009DB028 /* StocksService.swift */,
			);
			path = Network;
			sourceTree = "<group>";
		};
		F1795D0C2A5CC80F009DB028 /* Screens */ = {
			isa = PBXGroup;
			children = (
				F19F4D352A5E6A9400DC5BCC /* Pages */,
				F19F4D282A5E038000DC5BCC /* Views */,
				F1795D122A5D2DA9009DB028 /* StockViewModel.swift */,
			);
			path = Screens;
			sourceTree = "<group>";
		};
		F1795D0F2A5CC8B6009DB028 /* Model */ = {
			isa = PBXGroup;
			children = (
				F1795D102A5CC8F8009DB028 /* StockResponse.swift */,
			);
			path = Model;
			sourceTree = "<group>";
		};
		F19F4D282A5E038000DC5BCC /* Views */ = {
			isa = PBXGroup;
			children = (
				F19F4D292A5E05E300DC5BCC /* StockDataProcessor.swift */,
				F19F4D2B2A5E119100DC5BCC /* StockCellView.swift */,
				F19F4D2D2A5E1B6000DC5BCC /* StockListView.swift */,
				F19F4D2F2A5E3BFF00DC5BCC /* StockDetailView.swift */,
				F19F4D312A5E420400DC5BCC /* ChartView.swift */,
				F19F4D332A5E655300DC5BCC /* KeyView.swift */,
				F19F4D382A5E79CC00DC5BCC /* ErrorView.swift */,
			);
			path = Views;
			sourceTree = "<group>";
		};
		F19F4D352A5E6A9400DC5BCC /* Pages */ = {
			isa = PBXGroup;
			children = (
			);
			path = Pages;
			sourceTree = "<group>";
		};
/* End PBXGroup section */

/* Begin PBXNativeTarget section */
		F1795CDC2A5CBADA009DB028 /* StocksApp */ = {
			isa = PBXNativeTarget;
			buildConfigurationList = F1795D022A5CBADC009DB028 /* Build configuration list for PBXNativeTarget "StocksApp" */;
			buildPhases = (
				F1795CD92A5CBADA009DB028 /* Sources */,
				F1795CDA2A5CBADA009DB028 /* Frameworks */,
				F1795CDB2A5CBADA009DB028 /* Resources */,
			);
			buildRules = (
			);
			dependencies = (
			);
			name = StocksApp;
			productName = StocksApp;
			productReference = F1795CDD2A5CBADA009DB028 /* StocksApp.app */;
			productType = "com.apple.product-type.application";
		};
		F1795CED2A5CBADC009DB028 /* StocksAppTests */ = {
			isa = PBXNativeTarget;
			buildConfigurationList = F1795D052A5CBADC009DB028 /* Build configuration list for PBXNativeTarget "StocksAppTests" */;
			buildPhases = (
				F1795CEA2A5CBADC009DB028 /* Sources */,
				F1795CEB2A5CBADC009DB028 /* Frameworks */,
				F1795CEC2A5CBADC009DB028 /* Resources */,
			);
			buildRules = (
			);
			dependencies = (
				F1795CF02A5CBADC009DB028 /* PBXTargetDependency */,
			);
			name = StocksAppTests;
			productName = StocksAppTests;
			productReference = F1795CEE2A5CBADC009DB028 /* StocksAppTests.xctest */;
			productType = "com.apple.product-type.bundle.unit-test";
		};
		F1795CF72A5CBADC009DB028 /* StocksAppUITests */ = {
			isa = PBXNativeTarget;
			buildConfigurationList = F1795D082A5CBADC009DB028 /* Build configuration list for PBXNativeTarget "StocksAppUITests" */;
			buildPhases = (
				F1795CF42A5CBADC009DB028 /* Sources */,
				F1795CF52A5CBADC009DB028 /* Frameworks */,
				F1795CF62A5CBADC009DB028 /* Resources */,
			);
			buildRules = (
			);
			dependencies = (
				F1795CFA2A5CBADC009DB028 /* PBXTargetDependency */,
			);
			name = StocksAppUITests;
			productName = StocksAppUITests;
			productReference = F1795CF82A5CBADC009DB028 /* StocksAppUITests.xctest */;
			productType = "com.apple.product-type.bundle.ui-testing";
		};
/* End PBXNativeTarget section */

/* Begin PBXProject section */
		F1795CD52A5CBADA009DB028 /* Project object */ = {
			isa = PBXProject;
			attributes = {
				BuildIndependentTargetsInParallel = 1;
				LastSwiftUpdateCheck = 1430;
				LastUpgradeCheck = 1430;
				TargetAttributes = {
					F1795CDC2A5CBADA009DB028 = {
						CreatedOnToolsVersion = 14.3.1;
					};
					F1795CED2A5CBADC009DB028 = {
						CreatedOnToolsVersion = 14.3.1;
						TestTargetID = F1795CDC2A5CBADA009DB028;
					};
					F1795CF72A5CBADC009DB028 = {
						CreatedOnToolsVersion = 14.3.1;
						TestTargetID = F1795CDC2A5CBADA009DB028;
					};
				};
			};
			buildConfigurationList = F1795CD82A5CBADA009DB028 /* Build configuration list for PBXProject "StocksApp" */;
			compatibilityVersion = "Xcode 14.0";
			developmentRegion = en;
			hasScannedForEncodings = 0;
			knownRegions = (
				en,
				Base,
			);
			mainGroup = F1795CD42A5CBADA009DB028;
			productRefGroup = F1795CDE2A5CBADA009DB028 /* Products */;
			projectDirPath = "";
			projectRoot = "";
			targets = (
				F1795CDC2A5CBADA009DB028 /* StocksApp */,
				F1795CED2A5CBADC009DB028 /* StocksAppTests */,
				F1795CF72A5CBADC009DB028 /* StocksAppUITests */,
			);
		};
/* End PBXProject section */

/* Begin PBXResourcesBuildPhase section */
		F1795CDB2A5CBADA009DB028 /* Resources */ = {
			isa = PBXResourcesBuildPhase;
			buildActionMask = 2147483647;
			files = (
				F1795CE92A5CBADB009DB028 /* Preview Assets.xcassets in Resources */,
				F1795CE52A5CBADB009DB028 /* Assets.xcassets in Resources */,
			);
			runOnlyForDeploymentPostprocessing = 0;
		};
		F1795CEC2A5CBADC009DB028 /* Resources */ = {
			isa = PBXResourcesBuildPhase;
			buildActionMask = 2147483647;
			files = (
			);
			runOnlyForDeploymentPostprocessing = 0;
		};
		F1795CF62A5CBADC009DB028 /* Resources */ = {
			isa = PBXResourcesBuildPhase;
			buildActionMask = 2147483647;
			files = (
			);
			runOnlyForDeploymentPostprocessing = 0;
		};
/* End PBXResourcesBuildPhase section */

/* Begin PBXSourcesBuildPhase section */
		F1795CD92A5CBADA009DB028 /* Sources */ = {
			isa = PBXSourcesBuildPhase;
			buildActionMask = 2147483647;
			files = (
				F19F4D342A5E655300DC5BCC /* KeyView.swift in Sources */,
				F1795CE32A5CBADA009DB028 /* ContentView.swift in Sources */,
				F19F4D2E2A5E1B6000DC5BCC /* StockListView.swift in Sources */,
				F1795D132A5D2DA9009DB028 /* StockViewModel.swift in Sources */,
				F19F4D322A5E420400DC5BCC /* ChartView.swift in Sources */,
				F1795D112A5CC8F8009DB028 /* StockResponse.swift in Sources */,
				F1795CE12A5CBADA009DB028 /* StocksAppApp.swift in Sources */,
				F1795D0E2A5CC820009DB028 /* StocksService.swift in Sources */,
				F19F4D2A2A5E05E300DC5BCC /* StockDataProcessor.swift in Sources */,
				F19F4D302A5E3BFF00DC5BCC /* StockDetailView.swift in Sources */,
				F19F4D392A5E79CC00DC5BCC /* ErrorView.swift in Sources */,
				F19F4D2C2A5E119100DC5BCC /* StockCellView.swift in Sources */,
			);
			runOnlyForDeploymentPostprocessing = 0;
		};
		F1795CEA2A5CBADC009DB028 /* Sources */ = {
			isa = PBXSourcesBuildPhase;
			buildActionMask = 2147483647;
			files = (
				F1795CF32A5CBADC009DB028 /* StocksAppTests.swift in Sources */,
			);
			runOnlyForDeploymentPostprocessing = 0;
		};
		F1795CF42A5CBADC009DB028 /* Sources */ = {
			isa = PBXSourcesBuildPhase;
			buildActionMask = 2147483647;
			files = (
				F1795CFD2A5CBADC009DB028 /* StocksAppUITests.swift in Sources */,
				F1795CFF2A5CBADC009DB028 /* StocksAppUITestsLaunchTests.swift in Sources */,
			);
			runOnlyForDeploymentPostprocessing = 0;
		};
/* End PBXSourcesBuildPhase section */

/* Begin PBXTargetDependency section */
		F1795CF02A5CBADC009DB028 /* PBXTargetDependency */ = {
			isa = PBXTargetDependency;
			target = F1795CDC2A5CBADA009DB028 /* StocksApp */;
			targetProxy = F1795CEF2A5CBADC009DB028 /* PBXContainerItemProxy */;
		};
		F1795CFA2A5CBADC009DB028 /* PBXTargetDependency */ = {
			isa = PBXTargetDependency;
			target = F1795CDC2A5CBADA009DB028 /* StocksApp */;
			targetProxy = F1795CF92A5CBADC009DB028 /* PBXContainerItemProxy */;
		};
/* End PBXTargetDependency section */

/* Begin XCBuildConfiguration section */
		F1795D002A5CBADC009DB028 /* Debug */ = {
			isa = XCBuildConfiguration;
			buildSettings = {
				ALWAYS_SEARCH_USER_PATHS = NO;
				CLANG_ANALYZER_NONNULL = YES;
				CLANG_ANALYZER_NUMBER_OBJECT_CONVERSION = YES_AGGRESSIVE;
				CLANG_CXX_LANGUAGE_STANDARD = "gnu++20";
				CLANG_ENABLE_MODULES = YES;
				CLANG_ENABLE_OBJC_ARC = YES;
				CLANG_ENABLE_OBJC_WEAK = YES;
				CLANG_WARN_BLOCK_CAPTURE_AUTORELEASING = YES;
				CLANG_WARN_BOOL_CONVERSION = YES;
				CLANG_WARN_COMMA = YES;
				CLANG_WARN_CONSTANT_CONVERSION = YES;
				CLANG_WARN_DEPRECATED_OBJC_IMPLEMENTATIONS = YES;
				CLANG_WARN_DIRECT_OBJC_ISA_USAGE = YES_ERROR;
				CLANG_WARN_DOCUMENTATION_COMMENTS = YES;
				CLANG_WARN_EMPTY_BODY = YES;
				CLANG_WARN_ENUM_CONVERSION = YES;
				CLANG_WARN_INFINITE_RECURSION = YES;
				CLANG_WARN_INT_CONVERSION = YES;
				CLANG_WARN_NON_LITERAL_NULL_CONVERSION = YES;
				CLANG_WARN_OBJC_IMPLICIT_RETAIN_SELF = YES;
				CLANG_WARN_OBJC_LITERAL_CONVERSION = YES;
				CLANG_WARN_OBJC_ROOT_CLASS = YES_ERROR;
				CLANG_WARN_QUOTED_INCLUDE_IN_FRAMEWORK_HEADER = YES;
				CLANG_WARN_RANGE_LOOP_ANALYSIS = YES;
				CLANG_WARN_STRICT_PROTOTYPES = YES;
				CLANG_WARN_SUSPICIOUS_MOVE = YES;
				CLANG_WARN_UNGUARDED_AVAILABILITY = YES_AGGRESSIVE;
				CLANG_WARN_UNREACHABLE_CODE = YES;
				CLANG_WARN__DUPLICATE_METHOD_MATCH = YES;
				COPY_PHASE_STRIP = NO;
				DEBUG_INFORMATION_FORMAT = dwarf;
				ENABLE_STRICT_OBJC_MSGSEND = YES;
				ENABLE_TESTABILITY = YES;
				GCC_C_LANGUAGE_STANDARD = gnu11;
				GCC_DYNAMIC_NO_PIC = NO;
				GCC_NO_COMMON_BLOCKS = YES;
				GCC_OPTIMIZATION_LEVEL = 0;
				GCC_PREPROCESSOR_DEFINITIONS = (
					"DEBUG=1",
					"$(inherited)",
				);
				GCC_WARN_64_TO_32_BIT_CONVERSION = YES;
				GCC_WARN_ABOUT_RETURN_TYPE = YES_ERROR;
				GCC_WARN_UNDECLARED_SELECTOR = YES;
				GCC_WARN_UNINITIALIZED_AUTOS = YES_AGGRESSIVE;
				GCC_WARN_UNUSED_FUNCTION = YES;
				GCC_WARN_UNUSED_VARIABLE = YES;
				MTL_ENABLE_DEBUG_INFO = INCLUDE_SOURCE;
				MTL_FAST_MATH = YES;
				ONLY_ACTIVE_ARCH = YES;
				SWIFT_ACTIVE_COMPILATION_CONDITIONS = DEBUG;
				SWIFT_OPTIMIZATION_LEVEL = "-Onone";
			};
			name = Debug;
		};
		F1795D012A5CBADC009DB028 /* Release */ = {
			isa = XCBuildConfiguration;
			buildSettings = {
				ALWAYS_SEARCH_USER_PATHS = NO;
				CLANG_ANALYZER_NONNULL = YES;
				CLANG_ANALYZER_NUMBER_OBJECT_CONVERSION = YES_AGGRESSIVE;
				CLANG_CXX_LANGUAGE_STANDARD = "gnu++20";
				CLANG_ENABLE_MODULES = YES;
				CLANG_ENABLE_OBJC_ARC = YES;
				CLANG_ENABLE_OBJC_WEAK = YES;
				CLANG_WARN_BLOCK_CAPTURE_AUTORELEASING = YES;
				CLANG_WARN_BOOL_CONVERSION = YES;
				CLANG_WARN_COMMA = YES;
				CLANG_WARN_CONSTANT_CONVERSION = YES;
				CLANG_WARN_DEPRECATED_OBJC_IMPLEMENTATIONS = YES;
				CLANG_WARN_DIRECT_OBJC_ISA_USAGE = YES_ERROR;
				CLANG_WARN_DOCUMENTATION_COMMENTS = YES;
				CLANG_WARN_EMPTY_BODY = YES;
				CLANG_WARN_ENUM_CONVERSION = YES;
				CLANG_WARN_INFINITE_RECURSION = YES;
				CLANG_WARN_INT_CONVERSION = YES;
				CLANG_WARN_NON_LITERAL_NULL_CONVERSION = YES;
				CLANG_WARN_OBJC_IMPLICIT_RETAIN_SELF = YES;
				CLANG_WARN_OBJC_LITERAL_CONVERSION = YES;
				CLANG_WARN_OBJC_ROOT_CLASS = YES_ERROR;
				CLANG_WARN_QUOTED_INCLUDE_IN_FRAMEWORK_HEADER = YES;
				CLANG_WARN_RANGE_LOOP_ANALYSIS = YES;
				CLANG_WARN_STRICT_PROTOTYPES = YES;
				CLANG_WARN_SUSPICIOUS_MOVE = YES;
				CLANG_WARN_UNGUARDED_AVAILABILITY = YES_AGGRESSIVE;
				CLANG_WARN_UNREACHABLE_CODE = YES;
				CLANG_WARN__DUPLICATE_METHOD_MATCH = YES;
				COPY_PHASE_STRIP = NO;
				DEBUG_INFORMATION_FORMAT = "dwarf-with-dsym";
				ENABLE_NS_ASSERTIONS = NO;
				ENABLE_STRICT_OBJC_MSGSEND = YES;
				GCC_C_LANGUAGE_STANDARD = gnu11;
				GCC_NO_COMMON_BLOCKS = YES;
				GCC_WARN_64_TO_32_BIT_CONVERSION = YES;
				GCC_WARN_ABOUT_RETURN_TYPE = YES_ERROR;
				GCC_WARN_UNDECLARED_SELECTOR = YES;
				GCC_WARN_UNINITIALIZED_AUTOS = YES_AGGRESSIVE;
				GCC_WARN_UNUSED_FUNCTION = YES;
				GCC_WARN_UNUSED_VARIABLE = YES;
				MTL_ENABLE_DEBUG_INFO = NO;
				MTL_FAST_MATH = YES;
				SWIFT_COMPILATION_MODE = wholemodule;
				SWIFT_OPTIMIZATION_LEVEL = "-O";
			};
			name = Release;
		};
		F1795D032A5CBADC009DB028 /* Debug */ = {
			isa = XCBuildConfiguration;
			buildSettings = {
				ASSETCATALOG_COMPILER_APPICON_NAME = AppIcon;
				ASSETCATALOG_COMPILER_GLOBAL_ACCENT_COLOR_NAME = AccentColor;
				CODE_SIGN_ENTITLEMENTS = StocksApp/StocksApp.entitlements;
				CODE_SIGN_STYLE = Automatic;
				CURRENT_PROJECT_VERSION = 1;
				DEVELOPMENT_ASSET_PATHS = "\"StocksApp/Preview Content\"";
				DEVELOPMENT_TEAM = KN9MZ254M3;
				ENABLE_HARDENED_RUNTIME = YES;
				ENABLE_PREVIEWS = YES;
				GENERATE_INFOPLIST_FILE = YES;
				"INFOPLIST_KEY_UIApplicationSceneManifest_Generation[sdk=iphoneos*]" = YES;
				"INFOPLIST_KEY_UIApplicationSceneManifest_Generation[sdk=iphonesimulator*]" = YES;
				"INFOPLIST_KEY_UIApplicationSupportsIndirectInputEvents[sdk=iphoneos*]" = YES;
				"INFOPLIST_KEY_UIApplicationSupportsIndirectInputEvents[sdk=iphonesimulator*]" = YES;
				"INFOPLIST_KEY_UILaunchScreen_Generation[sdk=iphoneos*]" = YES;
				"INFOPLIST_KEY_UILaunchScreen_Generation[sdk=iphonesimulator*]" = YES;
				"INFOPLIST_KEY_UIStatusBarStyle[sdk=iphoneos*]" = UIStatusBarStyleDefault;
				"INFOPLIST_KEY_UIStatusBarStyle[sdk=iphonesimulator*]" = UIStatusBarStyleDefault;
				INFOPLIST_KEY_UISupportedInterfaceOrientations_iPad = "UIInterfaceOrientationPortrait UIInterfaceOrientationPortraitUpsideDown UIInterfaceOrientationLandscapeLeft UIInterfaceOrientationLandscapeRight";
				INFOPLIST_KEY_UISupportedInterfaceOrientations_iPhone = "UIInterfaceOrientationPortrait UIInterfaceOrientationLandscapeLeft UIInterfaceOrientationLandscapeRight";
				IPHONEOS_DEPLOYMENT_TARGET = 16.4;
				LD_RUNPATH_SEARCH_PATHS = "@executable_path/Frameworks";
				"LD_RUNPATH_SEARCH_PATHS[sdk=macosx*]" = "@executable_path/../Frameworks";
				MACOSX_DEPLOYMENT_TARGET = 13.3;
				MARKETING_VERSION = 1.0;
				PRODUCT_BUNDLE_IDENTIFIER = Quintrix.StocksApp;
				PRODUCT_NAME = "$(TARGET_NAME)";
				SDKROOT = auto;
				SUPPORTED_PLATFORMS = "iphoneos iphonesimulator macosx";
				SWIFT_EMIT_LOC_STRINGS = YES;
				SWIFT_VERSION = 5.0;
				TARGETED_DEVICE_FAMILY = "1,2";
			};
			name = Debug;
		};
		F1795D042A5CBADC009DB028 /* Release */ = {
			isa = XCBuildConfiguration;
			buildSettings = {
				ASSETCATALOG_COMPILER_APPICON_NAME = AppIcon;
				ASSETCATALOG_COMPILER_GLOBAL_ACCENT_COLOR_NAME = AccentColor;
				CODE_SIGN_ENTITLEMENTS = StocksApp/StocksApp.entitlements;
				CODE_SIGN_STYLE = Automatic;
				CURRENT_PROJECT_VERSION = 1;
				DEVELOPMENT_ASSET_PATHS = "\"StocksApp/Preview Content\"";
				DEVELOPMENT_TEAM = KN9MZ254M3;
				ENABLE_HARDENED_RUNTIME = YES;
				ENABLE_PREVIEWS = YES;
				GENERATE_INFOPLIST_FILE = YES;
				"INFOPLIST_KEY_UIApplicationSceneManifest_Generation[sdk=iphoneos*]" = YES;
				"INFOPLIST_KEY_UIApplicationSceneManifest_Generation[sdk=iphonesimulator*]" = YES;
				"INFOPLIST_KEY_UIApplicationSupportsIndirectInputEvents[sdk=iphoneos*]" = YES;
				"INFOPLIST_KEY_UIApplicationSupportsIndirectInputEvents[sdk=iphonesimulator*]" = YES;
				"INFOPLIST_KEY_UILaunchScreen_Generation[sdk=iphoneos*]" = YES;
				"INFOPLIST_KEY_UILaunchScreen_Generation[sdk=iphonesimulator*]" = YES;
				"INFOPLIST_KEY_UIStatusBarStyle[sdk=iphoneos*]" = UIStatusBarStyleDefault;
				"INFOPLIST_KEY_UIStatusBarStyle[sdk=iphonesimulator*]" = UIStatusBarStyleDefault;
				INFOPLIST_KEY_UISupportedInterfaceOrientations_iPad = "UIInterfaceOrientationPortrait UIInterfaceOrientationPortraitUpsideDown UIInterfaceOrientationLandscapeLeft UIInterfaceOrientationLandscapeRight";
				INFOPLIST_KEY_UISupportedInterfaceOrientations_iPhone = "UIInterfaceOrientationPortrait UIInterfaceOrientationLandscapeLeft UIInterfaceOrientationLandscapeRight";
				IPHONEOS_DEPLOYMENT_TARGET = 16.4;
				LD_RUNPATH_SEARCH_PATHS = "@executable_path/Frameworks";
				"LD_RUNPATH_SEARCH_PATHS[sdk=macosx*]" = "@executable_path/../Frameworks";
				MACOSX_DEPLOYMENT_TARGET = 13.3;
				MARKETING_VERSION = 1.0;
				PRODUCT_BUNDLE_IDENTIFIER = Quintrix.StocksApp;
				PRODUCT_NAME = "$(TARGET_NAME)";
				SDKROOT = auto;
				SUPPORTED_PLATFORMS = "iphoneos iphonesimulator macosx";
				SWIFT_EMIT_LOC_STRINGS = YES;
				SWIFT_VERSION = 5.0;
				TARGETED_DEVICE_FAMILY = "1,2";
			};
			name = Release;
		};
		F1795D062A5CBADC009DB028 /* Debug */ = {
			isa = XCBuildConfiguration;
			buildSettings = {
				ALWAYS_EMBED_SWIFT_STANDARD_LIBRARIES = YES;
				BUNDLE_LOADER = "$(TEST_HOST)";
				CODE_SIGN_STYLE = Automatic;
				CURRENT_PROJECT_VERSION = 1;
				DEVELOPMENT_TEAM = KN9MZ254M3;
				GENERATE_INFOPLIST_FILE = YES;
				IPHONEOS_DEPLOYMENT_TARGET = 16.4;
				MACOSX_DEPLOYMENT_TARGET = 13.3;
				MARKETING_VERSION = 1.0;
				PRODUCT_BUNDLE_IDENTIFIER = Quintrix.StocksAppTests;
				PRODUCT_NAME = "$(TARGET_NAME)";
				SDKROOT = auto;
				SUPPORTED_PLATFORMS = "iphoneos iphonesimulator macosx";
				SWIFT_EMIT_LOC_STRINGS = NO;
				SWIFT_VERSION = 5.0;
				TARGETED_DEVICE_FAMILY = "1,2";
				TEST_HOST = "$(BUILT_PRODUCTS_DIR)/StocksApp.app/$(BUNDLE_EXECUTABLE_FOLDER_PATH)/StocksApp";
			};
			name = Debug;
		};
		F1795D072A5CBADC009DB028 /* Release */ = {
			isa = XCBuildConfiguration;
			buildSettings = {
				ALWAYS_EMBED_SWIFT_STANDARD_LIBRARIES = YES;
				BUNDLE_LOADER = "$(TEST_HOST)";
				CODE_SIGN_STYLE = Automatic;
				CURRENT_PROJECT_VERSION = 1;
				DEVELOPMENT_TEAM = KN9MZ254M3;
				GENERATE_INFOPLIST_FILE = YES;
				IPHONEOS_DEPLOYMENT_TARGET = 16.4;
				MACOSX_DEPLOYMENT_TARGET = 13.3;
				MARKETING_VERSION = 1.0;
				PRODUCT_BUNDLE_IDENTIFIER = Quintrix.StocksAppTests;
				PRODUCT_NAME = "$(TARGET_NAME)";
				SDKROOT = auto;
				SUPPORTED_PLATFORMS = "iphoneos iphonesimulator macosx";
				SWIFT_EMIT_LOC_STRINGS = NO;
				SWIFT_VERSION = 5.0;
				TARGETED_DEVICE_FAMILY = "1,2";
				TEST_HOST = "$(BUILT_PRODUCTS_DIR)/StocksApp.app/$(BUNDLE_EXECUTABLE_FOLDER_PATH)/StocksApp";
			};
			name = Release;
		};
		F1795D092A5CBADC009DB028 /* Debug */ = {
			isa = XCBuildConfiguration;
			buildSettings = {
				ALWAYS_EMBED_SWIFT_STANDARD_LIBRARIES = YES;
				CODE_SIGN_STYLE = Automatic;
				CURRENT_PROJECT_VERSION = 1;
				DEVELOPMENT_TEAM = KN9MZ254M3;
				GENERATE_INFOPLIST_FILE = YES;
				IPHONEOS_DEPLOYMENT_TARGET = 16.4;
				MACOSX_DEPLOYMENT_TARGET = 13.3;
				MARKETING_VERSION = 1.0;
				PRODUCT_BUNDLE_IDENTIFIER = Quintrix.StocksAppUITests;
				PRODUCT_NAME = "$(TARGET_NAME)";
				SDKROOT = auto;
				SUPPORTED_PLATFORMS = "iphoneos iphonesimulator macosx";
				SWIFT_EMIT_LOC_STRINGS = NO;
				SWIFT_VERSION = 5.0;
				TARGETED_DEVICE_FAMILY = "1,2";
				TEST_TARGET_NAME = StocksApp;
			};
			name = Debug;
		};
		F1795D0A2A5CBADC009DB028 /* Release */ = {
			isa = XCBuildConfiguration;
			buildSettings = {
				ALWAYS_EMBED_SWIFT_STANDARD_LIBRARIES = YES;
				CODE_SIGN_STYLE = Automatic;
				CURRENT_PROJECT_VERSION = 1;
				DEVELOPMENT_TEAM = KN9MZ254M3;
				GENERATE_INFOPLIST_FILE = YES;
				IPHONEOS_DEPLOYMENT_TARGET = 16.4;
				MACOSX_DEPLOYMENT_TARGET = 13.3;
				MARKETING_VERSION = 1.0;
				PRODUCT_BUNDLE_IDENTIFIER = Quintrix.StocksAppUITests;
				PRODUCT_NAME = "$(TARGET_NAME)";
				SDKROOT = auto;
				SUPPORTED_PLATFORMS = "iphoneos iphonesimulator macosx";
				SWIFT_EMIT_LOC_STRINGS = NO;
				SWIFT_VERSION = 5.0;
				TARGETED_DEVICE_FAMILY = "1,2";
				TEST_TARGET_NAME = StocksApp;
			};
			name = Release;
		};
/* End XCBuildConfiguration section */

/* Begin XCConfigurationList section */
		F1795CD82A5CBADA009DB028 /* Build configuration list for PBXProject "StocksApp" */ = {
			isa = XCConfigurationList;
			buildConfigurations = (
				F1795D002A5CBADC009DB028 /* Debug */,
				F1795D012A5CBADC009DB028 /* Release */,
			);
			defaultConfigurationIsVisible = 0;
			defaultConfigurationName = Release;
		};
		F1795D022A5CBADC009DB028 /* Build configuration list for PBXNativeTarget "StocksApp" */ = {
			isa = XCConfigurationList;
			buildConfigurations = (
				F1795D032A5CBADC009DB028 /* Debug */,
				F1795D042A5CBADC009DB028 /* Release */,
			);
			defaultConfigurationIsVisible = 0;
			defaultConfigurationName = Release;
		};
		F1795D052A5CBADC009DB028 /* Build configuration list for PBXNativeTarget "StocksAppTests" */ = {
			isa = XCConfigurationList;
			buildConfigurations = (
				F1795D062A5CBADC009DB028 /* Debug */,
				F1795D072A5CBADC009DB028 /* Release */,
			);
			defaultConfigurationIsVisible = 0;
			defaultConfigurationName = Release;
		};
		F1795D082A5CBADC009DB028 /* Build configuration list for PBXNativeTarget "StocksAppUITests" */ = {
			isa = XCConfigurationList;
			buildConfigurations = (
				F1795D092A5CBADC009DB028 /* Debug */,
				F1795D0A2A5CBADC009DB028 /* Release */,
			);
			defaultConfigurationIsVisible = 0;
			defaultConfigurationName = Release;
		};
/* End XCConfigurationList section */
	};
	rootObject = F1795CD52A5CBADA009DB028 /* Project object */;
}
